
Microsoft Visual Studio Solution File, Format Version 12.00
# Visual Studio Version 17
VisualStudioVersion = 17.8.34330.188
MinimumVisualStudioVersion = 10.0.40219.1
Project("{9A19103F-16F7-4668-BE54-9A1E7A4F7556}") = "web", "web.csproj", "{C57352CE-0BAD-4A63-9496-7AC91F8595CD}"
EndProject
Project("{FAE04EC0-301F-11D3-BF4B-00C04F79EFBC}") = "Mvc-consume", "..\Mvc-consume\Mvc-consume.csproj", "{2AD4C0D0-774E-47F8-A0C4-F27C9A24097D}"
EndProject
Global
	GlobalSection(SolutionConfigurationPlatforms) = preSolution
		Debug|Any CPU = Debug|Any CPU
		Release|Any CPU = Release|Any CPU
	EndGlobalSection
	GlobalSection(ProjectConfigurationPlatforms) = postSolution
		{C57352CE-0BAD-4A63-9496-7AC91F8595CD}.Debug|Any CPU.ActiveCfg = Debug|Any CPU
		{C57352CE-0BAD-4A63-9496-7AC91F8595CD}.Debug|Any CPU.Build.0 = Debug|Any CPU
		{C57352CE-0BAD-4A63-9496-7AC91F8595CD}.Release|Any CPU.ActiveCfg = Release|Any CPU
		{C57352CE-0BAD-4A63-9496-7AC91F8595CD}.Release|Any CPU.Build.0 = Release|Any CPU
		{2AD4C0D0-774E-47F8-A0C4-F27C9A24097D}.Debug|Any CPU.ActiveCfg = Debug|Any CPU
		{2AD4C0D0-774E-47F8-A0C4-F27C9A24097D}.Debug|Any CPU.Build.0 = Debug|Any CPU
		{2AD4C0D0-774E-47F8-A0C4-F27C9A24097D}.Release|Any CPU.ActiveCfg = Release|Any CPU
		{2AD4C0D0-774E-47F8-A0C4-F27C9A24097D}.Release|Any CPU.Build.0 = Release|Any CPU
	EndGlobalSection
	GlobalSection(SolutionProperties) = preSolution
		HideSolutionNode = FALSE
	EndGlobalSection
	GlobalSection(ExtensibilityGlobals) = postSolution
		SolutionGuid = {DAC9922D-7523-466B-8CAD-94EC100C4CEF}
	EndGlobalSection
EndGlobal
